
Microsoft Visual Studio Solution File, Format Version 12.00
# Visual Studio 15
VisualStudioVersion = 15.0.28307.168
MinimumVisualStudioVersion = 10.0.40219.1
Project("{E24C65DC-7377-472B-9ABA-BC803B73C61A}") = "lesson07", "TextBook Source Code for Lab 09\lesson07\", "{1CEE8D1B-79B9-419E-83A8-4870CB4DE01B}"
	ProjectSection(WebsiteProperties) = preProject
		TargetFrameworkMoniker = ".NETFramework,Version%3Dv4.0"
		Debug.AspNetCompiler.VirtualPath = "/localhost_51521"
		Debug.AspNetCompiler.PhysicalPath = "TextBook Source Code for Lab 09\lesson07\"
		Debug.AspNetCompiler.TargetPath = "PrecompiledWeb\localhost_51521\"
		Debug.AspNetCompiler.Updateable = "true"
		Debug.AspNetCompiler.ForceOverwrite = "true"
		Debug.AspNetCompiler.FixedNames = "false"
		Debug.AspNetCompiler.Debug = "True"
		Release.AspNetCompiler.VirtualPath = "/localhost_51521"
		Release.AspNetCompiler.PhysicalPath = "TextBook Source Code for Lab 09\lesson07\"
		Release.AspNetCompiler.TargetPath = "PrecompiledWeb\localhost_51521\"
		Release.AspNetCompiler.Updateable = "true"
		Release.AspNetCompiler.ForceOverwrite = "true"
		Release.AspNetCompiler.FixedNames = "false"
		Release.AspNetCompiler.Debug = "False"
		VWDPort = "51521"
		SlnRelativePath = "TextBook Source Code for Lab 09\lesson07\"
	EndProjectSection
EndProject
Global
	GlobalSection(SolutionConfigurationPlatforms) = preSolution
		Debug|Any CPU = Debug|Any CPU
	EndGlobalSection
	GlobalSection(ProjectConfigurationPlatforms) = postSolution
		{1CEE8D1B-79B9-419E-83A8-4870CB4DE01B}.Debug|Any CPU.ActiveCfg = Debug|Any CPU
		{1CEE8D1B-79B9-419E-83A8-4870CB4DE01B}.Debug|Any CPU.Build.0 = Debug|Any CPU
	EndGlobalSection
	GlobalSection(SolutionProperties) = preSolution
		HideSolutionNode = FALSE
	EndGlobalSection
	GlobalSection(ExtensibilityGlobals) = postSolution
		SolutionGuid = {9931ACE5-5CD5-478F-882A-4E4DA06DBF80}
	EndGlobalSection
EndGlobal
