
Microsoft Visual Studio Solution File, Format Version 12.00
# Visual Studio 15
VisualStudioVersion = 15.0.28307.168
MinimumVisualStudioVersion = 10.0.40219.1
Project("{E24C65DC-7377-472B-9ABA-BC803B73C61A}") = "FinalProject(1)", "FinalProject\", "{CECF4EDA-36EB-48F7-9DF1-795FF300355E}"
	ProjectSection(WebsiteProperties) = preProject
		TargetFrameworkMoniker = ".NETFramework,Version%3Dv4.0"
		Debug.AspNetCompiler.VirtualPath = "/localhost_54506"
		Debug.AspNetCompiler.PhysicalPath = "FinalProject\"
		Debug.AspNetCompiler.TargetPath = "PrecompiledWeb\localhost_54506\"
		Debug.AspNetCompiler.Updateable = "true"
		Debug.AspNetCompiler.ForceOverwrite = "true"
		Debug.AspNetCompiler.FixedNames = "false"
		Debug.AspNetCompiler.Debug = "True"
		Release.AspNetCompiler.VirtualPath = "/localhost_54506"
		Release.AspNetCompiler.PhysicalPath = "FinalProject\"
		Release.AspNetCompiler.TargetPath = "PrecompiledWeb\localhost_54506\"
		Release.AspNetCompiler.Updateable = "true"
		Release.AspNetCompiler.ForceOverwrite = "true"
		Release.AspNetCompiler.FixedNames = "false"
		Release.AspNetCompiler.Debug = "False"
		VWDPort = "54506"
		SlnRelativePath = "FinalProject\"
	EndProjectSection
EndProject
Global
	GlobalSection(SolutionConfigurationPlatforms) = preSolution
		Debug|Any CPU = Debug|Any CPU
	EndGlobalSection
	GlobalSection(ProjectConfigurationPlatforms) = postSolution
		{CECF4EDA-36EB-48F7-9DF1-795FF300355E}.Debug|Any CPU.ActiveCfg = Debug|Any CPU
		{CECF4EDA-36EB-48F7-9DF1-795FF300355E}.Debug|Any CPU.Build.0 = Debug|Any CPU
	EndGlobalSection
	GlobalSection(SolutionProperties) = preSolution
		HideSolutionNode = FALSE
	EndGlobalSection
	GlobalSection(ExtensibilityGlobals) = postSolution
		SolutionGuid = {219D33E8-51E6-4B23-9BDE-AA259929D816}
	EndGlobalSection
EndGlobal
